// !$*UTF8*$!
{
	archiveVersion = 1;
	classes = {
	};
	objectVersion = 50;
	objects = {

/* Begin PBXBuildFile section */
		6D7402372239BBFA00930ADA /* Main.storyboard in Resources */ = {isa = PBXBuildFile; fileRef = 6D7402352239BBFA00930ADA /* Main.storyboard */; };
		6D7402392239BBFE00930ADA /* Assets.xcassets in Resources */ = {isa = PBXBuildFile; fileRef = 6D7402382239BBFE00930ADA /* Assets.xcassets */; };
		6D74023C2239BBFE00930ADA /* LaunchScreen.storyboard in Resources */ = {isa = PBXBuildFile; fileRef = 6D74023A2239BBFE00930ADA /* LaunchScreen.storyboard */; };
		6DA17767223D948F00932EE3 /* win.mp3 in Resources */ = {isa = PBXBuildFile; fileRef = 6DA17763223D948F00932EE3 /* win.mp3 */; };
		6DA17768223D948F00932EE3 /* lose.mp3 in Resources */ = {isa = PBXBuildFile; fileRef = 6DA17764223D948F00932EE3 /* lose.mp3 */; };
		6DA17769223D948F00932EE3 /* tick.mp3 in Resources */ = {isa = PBXBuildFile; fileRef = 6DA17765223D948F00932EE3 /* tick.mp3 */; };
		6DA1776A223D948F00932EE3 /* click.mp3 in Resources */ = {isa = PBXBuildFile; fileRef = 6DA17766223D948F00932EE3 /* click.mp3 */; };
		6DA1776D223DA1F400932EE3 /* AVFoundation.framework in Frameworks */ = {isa = PBXBuildFile; fileRef = 6DA1776C223DA1F400932EE3 /* AVFoundation.framework */; };
		8A4BDD0422DF7E6F0037A7C9 /* WalkthroughViewController.swift in Sources */ = {isa = PBXBuildFile; fileRef = 8A4BDD0322DF7E6F0037A7C9 /* WalkthroughViewController.swift */; };
		8A4BDD0922DF7EB00037A7C9 /* TTNorms-Bold.otf in Resources */ = {isa = PBXBuildFile; fileRef = 8A4BDD0722DF7EB00037A7C9 /* TTNorms-Bold.otf */; };
		8A4BDD0A22DF7EB00037A7C9 /* TTNorms-Medium.otf in Resources */ = {isa = PBXBuildFile; fileRef = 8A4BDD0822DF7EB00037A7C9 /* TTNorms-Medium.otf */; };
		8A4BDD0D22DF7EBA0037A7C9 /* UIButton + Custom.swift in Sources */ = {isa = PBXBuildFile; fileRef = 8A4BDD0B22DF7EBA0037A7C9 /* UIButton + Custom.swift */; };
		8A4BDD0E22DF7EBA0037A7C9 /* UIColor + Custom.swift in Sources */ = {isa = PBXBuildFile; fileRef = 8A4BDD0C22DF7EBA0037A7C9 /* UIColor + Custom.swift */; };
		8A5B91D922DCACCE00DAC785 /* AppDelegate.swift in Sources */ = {isa = PBXBuildFile; fileRef = 6D7402312239BBFA00930ADA /* AppDelegate.swift */; };
		8A5B91DA22DCACCE00DAC785 /* SoloViewController.swift in Sources */ = {isa = PBXBuildFile; fileRef = 6DA1775E223D936600932EE3 /* SoloViewController.swift */; };
		8A5B91DB22DCACCE00DAC785 /* TiempoViewController.swift in Sources */ = {isa = PBXBuildFile; fileRef = 6DA17760223D937E00932EE3 /* TiempoViewController.swift */; };
		8A9A1E9422DD080400D87E53 /* InfinitoViewController.swift in Sources */ = {isa = PBXBuildFile; fileRef = 8A9A1E9322DD080400D87E53 /* InfinitoViewController.swift */; };
		E2BBB889D620C8DDE7673F4E /* Pods_MexicanMath.framework in Frameworks */ = {isa = PBXBuildFile; fileRef = 06F72A042252E1023D124817 /* Pods_MexicanMath.framework */; };
/* End PBXBuildFile section */

/* Begin PBXFileReference section */
		06F72A042252E1023D124817 /* Pods_MexicanMath.framework */ = {isa = PBXFileReference; explicitFileType = wrapper.framework; includeInIndex = 0; path = Pods_MexicanMath.framework; sourceTree = BUILT_PRODUCTS_DIR; };
		278C3182BE67F37A5010BA52 /* Pods-MexicanMath.release.xcconfig */ = {isa = PBXFileReference; includeInIndex = 1; lastKnownFileType = text.xcconfig; name = "Pods-MexicanMath.release.xcconfig"; path = "Target Support Files/Pods-MexicanMath/Pods-MexicanMath.release.xcconfig"; sourceTree = "<group>"; };
		6051ABAB0ABA8F9C8159A48B /* Pods_FranchMathematics.framework */ = {isa = PBXFileReference; explicitFileType = wrapper.framework; includeInIndex = 0; path = Pods_FranchMathematics.framework; sourceTree = BUILT_PRODUCTS_DIR; };
		6D74022E2239BBFA00930ADA /* MexicanMath.app */ = {isa = PBXFileReference; explicitFileType = wrapper.application; includeInIndex = 0; path = MexicanMath.app; sourceTree = BUILT_PRODUCTS_DIR; };
		6D7402312239BBFA00930ADA /* AppDelegate.swift */ = {isa = PBXFileReference; lastKnownFileType = sourcecode.swift; path = AppDelegate.swift; sourceTree = "<group>"; };
		6D7402362239BBFA00930ADA /* Base */ = {isa = PBXFileReference; lastKnownFileType = file.storyboard; name = Base; path = Base.lproj/Main.storyboard; sourceTree = "<group>"; };
		6D7402382239BBFE00930ADA /* Assets.xcassets */ = {isa = PBXFileReference; lastKnownFileType = folder.assetcatalog; path = Assets.xcassets; sourceTree = "<group>"; };
		6D74023B2239BBFE00930ADA /* Base */ = {isa = PBXFileReference; lastKnownFileType = file.storyboard; name = Base; path = Base.lproj/LaunchScreen.storyboard; sourceTree = "<group>"; };
		6D74023D2239BBFE00930ADA /* Info.plist */ = {isa = PBXFileReference; lastKnownFileType = text.plist.xml; path = Info.plist; sourceTree = "<group>"; };
		6DA1775E223D936600932EE3 /* SoloViewController.swift */ = {isa = PBXFileReference; lastKnownFileType = sourcecode.swift; path = SoloViewController.swift; sourceTree = "<group>"; };
		6DA17760223D937E00932EE3 /* TiempoViewController.swift */ = {isa = PBXFileReference; lastKnownFileType = sourcecode.swift; path = TiempoViewController.swift; sourceTree = "<group>"; };
		6DA17763223D948F00932EE3 /* win.mp3 */ = {isa = PBXFileReference; lastKnownFileType = audio.mp3; path = win.mp3; sourceTree = "<group>"; };
		6DA17764223D948F00932EE3 /* lose.mp3 */ = {isa = PBXFileReference; lastKnownFileType = audio.mp3; path = lose.mp3; sourceTree = "<group>"; };
		6DA17765223D948F00932EE3 /* tick.mp3 */ = {isa = PBXFileReference; lastKnownFileType = audio.mp3; path = tick.mp3; sourceTree = "<group>"; };
		6DA17766223D948F00932EE3 /* click.mp3 */ = {isa = PBXFileReference; lastKnownFileType = audio.mp3; path = click.mp3; sourceTree = "<group>"; };
		6DA1776C223DA1F400932EE3 /* AVFoundation.framework */ = {isa = PBXFileReference; lastKnownFileType = wrapper.framework; name = AVFoundation.framework; path = System/Library/Frameworks/AVFoundation.framework; sourceTree = SDKROOT; };
		8A4BDD0322DF7E6F0037A7C9 /* WalkthroughViewController.swift */ = {isa = PBXFileReference; lastKnownFileType = sourcecode.swift; path = WalkthroughViewController.swift; sourceTree = "<group>"; };
		8A4BDD0722DF7EB00037A7C9 /* TTNorms-Bold.otf */ = {isa = PBXFileReference; lastKnownFileType = file; path = "TTNorms-Bold.otf"; sourceTree = "<group>"; };
		8A4BDD0822DF7EB00037A7C9 /* TTNorms-Medium.otf */ = {isa = PBXFileReference; lastKnownFileType = file; path = "TTNorms-Medium.otf"; sourceTree = "<group>"; };
		8A4BDD0B22DF7EBA0037A7C9 /* UIButton + Custom.swift */ = {isa = PBXFileReference; fileEncoding = 4; lastKnownFileType = sourcecode.swift; path = "UIButton + Custom.swift"; sourceTree = "<group>"; };
		8A4BDD0C22DF7EBA0037A7C9 /* UIColor + Custom.swift */ = {isa = PBXFileReference; fileEncoding = 4; lastKnownFileType = sourcecode.swift; path = "UIColor + Custom.swift"; sourceTree = "<group>"; };
		8A9A1E9322DD080400D87E53 /* InfinitoViewController.swift */ = {isa = PBXFileReference; lastKnownFileType = sourcecode.swift; path = InfinitoViewController.swift; sourceTree = "<group>"; };
		BB83F8840E4D2C34CA894D82 /* Pods-FranchMathematics.release.xcconfig */ = {isa = PBXFileReference; includeInIndex = 1; lastKnownFileType = text.xcconfig; name = "Pods-FranchMathematics.release.xcconfig"; path = "Target Support Files/Pods-FranchMathematics/Pods-FranchMathematics.release.xcconfig"; sourceTree = "<group>"; };
		BF73CD306FD7A867E877980C /* Pods-MexicanMath.debug.xcconfig */ = {isa = PBXFileReference; includeInIndex = 1; lastKnownFileType = text.xcconfig; name = "Pods-MexicanMath.debug.xcconfig"; path = "Target Support Files/Pods-MexicanMath/Pods-MexicanMath.debug.xcconfig"; sourceTree = "<group>"; };
		F0A0E093DA02689666D10D73 /* Pods-FranchMathematics.debug.xcconfig */ = {isa = PBXFileReference; includeInIndex = 1; lastKnownFileType = text.xcconfig; name = "Pods-FranchMathematics.debug.xcconfig"; path = "Target Support Files/Pods-FranchMathematics/Pods-FranchMathematics.debug.xcconfig"; sourceTree = "<group>"; };
/* End PBXFileReference section */

/* Begin PBXFrameworksBuildPhase section */
		6D74022B2239BBFA00930ADA /* Frameworks */ = {
			isa = PBXFrameworksBuildPhase;
			buildActionMask = 2147483647;
			files = (
				6DA1776D223DA1F400932EE3 /* AVFoundation.framework in Frameworks */,
				E2BBB889D620C8DDE7673F4E /* Pods_MexicanMath.framework in Frameworks */,
			);
			runOnlyForDeploymentPostprocessing = 0;
		};
/* End PBXFrameworksBuildPhase section */

/* Begin PBXGroup section */
		56CA6FA553D864BEBC6B962A /* Pods */ = {
			isa = PBXGroup;
			children = (
				F0A0E093DA02689666D10D73 /* Pods-FranchMathematics.debug.xcconfig */,
				BB83F8840E4D2C34CA894D82 /* Pods-FranchMathematics.release.xcconfig */,
				BF73CD306FD7A867E877980C /* Pods-MexicanMath.debug.xcconfig */,
				278C3182BE67F37A5010BA52 /* Pods-MexicanMath.release.xcconfig */,
			);
			path = Pods;
			sourceTree = "<group>";
		};
		6D7402252239BBFA00930ADA = {
			isa = PBXGroup;
			children = (
				6D7402302239BBFA00930ADA /* MexicanMath */,
				6D74022F2239BBFA00930ADA /* Products */,
				6DA1776B223DA1F300932EE3 /* Frameworks */,
				56CA6FA553D864BEBC6B962A /* Pods */,
			);
			sourceTree = "<group>";
		};
		6D74022F2239BBFA00930ADA /* Products */ = {
			isa = PBXGroup;
			children = (
				6D74022E2239BBFA00930ADA /* MexicanMath.app */,
			);
			name = Products;
			sourceTree = "<group>";
		};
		6D7402302239BBFA00930ADA /* MexicanMath */ = {
			isa = PBXGroup;
			children = (
				8A4BDD0222DF7E550037A7C9 /* Walkthrough */,
				6DA17762223D945800932EE3 /* Sounds */,
				8A4BDD0522DF7E940037A7C9 /* Helpers */,
				6D7402312239BBFA00930ADA /* AppDelegate.swift */,
				6DA1775E223D936600932EE3 /* SoloViewController.swift */,
				8A9A1E9322DD080400D87E53 /* InfinitoViewController.swift */,
				6DA17760223D937E00932EE3 /* TiempoViewController.swift */,
				6D7402352239BBFA00930ADA /* Main.storyboard */,
				6D7402382239BBFE00930ADA /* Assets.xcassets */,
				6D74023A2239BBFE00930ADA /* LaunchScreen.storyboard */,
				6D74023D2239BBFE00930ADA /* Info.plist */,
			);
			path = MexicanMath;
			sourceTree = "<group>";
		};
		6DA17762223D945800932EE3 /* Sounds */ = {
			isa = PBXGroup;
			children = (
				6DA17766223D948F00932EE3 /* click.mp3 */,
				6DA17764223D948F00932EE3 /* lose.mp3 */,
				6DA17765223D948F00932EE3 /* tick.mp3 */,
				6DA17763223D948F00932EE3 /* win.mp3 */,
			);
			path = Sounds;
			sourceTree = "<group>";
		};
		6DA1776B223DA1F300932EE3 /* Frameworks */ = {
			isa = PBXGroup;
			children = (
				6DA1776C223DA1F400932EE3 /* AVFoundation.framework */,
				6051ABAB0ABA8F9C8159A48B /* Pods_FranchMathematics.framework */,
				06F72A042252E1023D124817 /* Pods_MexicanMath.framework */,
			);
			name = Frameworks;
			sourceTree = "<group>";
		};
		8A4BDD0222DF7E550037A7C9 /* Walkthrough */ = {
			isa = PBXGroup;
			children = (
				8A4BDD0322DF7E6F0037A7C9 /* WalkthroughViewController.swift */,
			);
			path = Walkthrough;
			sourceTree = "<group>";
		};
		8A4BDD0522DF7E940037A7C9 /* Helpers */ = {
			isa = PBXGroup;
			children = (
				8A4BDD0B22DF7EBA0037A7C9 /* UIButton + Custom.swift */,
				8A4BDD0C22DF7EBA0037A7C9 /* UIColor + Custom.swift */,
				8A4BDD0622DF7EB00037A7C9 /* Fonts */,
			);
			path = Helpers;
			sourceTree = "<group>";
		};
		8A4BDD0622DF7EB00037A7C9 /* Fonts */ = {
			isa = PBXGroup;
			children = (
				8A4BDD0722DF7EB00037A7C9 /* TTNorms-Bold.otf */,
				8A4BDD0822DF7EB00037A7C9 /* TTNorms-Medium.otf */,
			);
			path = Fonts;
			sourceTree = "<group>";
		};
/* End PBXGroup section */

/* Begin PBXNativeTarget section */
		6D74022D2239BBFA00930ADA /* MexicanMath */ = {
			isa = PBXNativeTarget;
			buildConfigurationList = 6D7402562239BBFE00930ADA /* Build configuration list for PBXNativeTarget "MexicanMath" */;
			buildPhases = (
				C91D8A575C338500B20C02C1 /* [CP] Check Pods Manifest.lock */,
				6D74022A2239BBFA00930ADA /* Sources */,
				6D74022B2239BBFA00930ADA /* Frameworks */,
				6D74022C2239BBFA00930ADA /* Resources */,
				CBF5A1EF48BE8A7224F6FB45 /* [CP] Embed Pods Frameworks */,
			);
			buildRules = (
			);
			dependencies = (
			);
			name = MexicanMath;
			productName = "Subtraction Game";
			productReference = 6D74022E2239BBFA00930ADA /* MexicanMath.app */;
			productType = "com.apple.product-type.application";
		};
/* End PBXNativeTarget section */

/* Begin PBXProject section */
		6D7402262239BBFA00930ADA /* Project object */ = {
			isa = PBXProject;
			attributes = {
				LastSwiftUpdateCheck = 1010;
				LastUpgradeCheck = 1010;
				ORGANIZATIONNAME = "GS Develop Inc.";
				TargetAttributes = {
					6D74022D2239BBFA00930ADA = {
						CreatedOnToolsVersion = 10.1;
						LastSwiftMigration = 1020;
					};
				};
			};
			buildConfigurationList = 6D7402292239BBFA00930ADA /* Build configuration list for PBXProject "MexicanMath" */;
			compatibilityVersion = "Xcode 9.3";
			developmentRegion = en;
			hasScannedForEncodings = 0;
			knownRegions = (
				en,
				Base,
			);
			mainGroup = 6D7402252239BBFA00930ADA;
			productRefGroup = 6D74022F2239BBFA00930ADA /* Products */;
			projectDirPath = "";
			projectRoot = "";
			targets = (
				6D74022D2239BBFA00930ADA /* MexicanMath */,
			);
		};
/* End PBXProject section */

/* Begin PBXResourcesBuildPhase section */
		6D74022C2239BBFA00930ADA /* Resources */ = {
			isa = PBXResourcesBuildPhase;
			buildActionMask = 2147483647;
			files = (
				6DA1776A223D948F00932EE3 /* click.mp3 in Resources */,
				6D74023C2239BBFE00930ADA /* LaunchScreen.storyboard in Resources */,
				6DA17768223D948F00932EE3 /* lose.mp3 in Resources */,
				6D7402392239BBFE00930ADA /* Assets.xcassets in Resources */,
				8A4BDD0922DF7EB00037A7C9 /* TTNorms-Bold.otf in Resources */,
				6D7402372239BBFA00930ADA /* Main.storyboard in Resources */,
				6DA17767223D948F00932EE3 /* win.mp3 in Resources */,
				6DA17769223D948F00932EE3 /* tick.mp3 in Resources */,
				8A4BDD0A22DF7EB00037A7C9 /* TTNorms-Medium.otf in Resources */,
			);
			runOnlyForDeploymentPostprocessing = 0;
		};
/* End PBXResourcesBuildPhase section */

/* Begin PBXShellScriptBuildPhase section */
		C91D8A575C338500B20C02C1 /* [CP] Check Pods Manifest.lock */ = {
			isa = PBXShellScriptBuildPhase;
			buildActionMask = 2147483647;
			files = (
			);
			inputFileListPaths = (
			);
			inputPaths = (
				"${PODS_PODFILE_DIR_PATH}/Podfile.lock",
				"${PODS_ROOT}/Manifest.lock",
			);
			name = "[CP] Check Pods Manifest.lock";
			outputFileListPaths = (
			);
			outputPaths = (
				"$(DERIVED_FILE_DIR)/Pods-MexicanMath-checkManifestLockResult.txt",
			);
			runOnlyForDeploymentPostprocessing = 0;
			shellPath = /bin/sh;
			shellScript = "diff \"${PODS_PODFILE_DIR_PATH}/Podfile.lock\" \"${PODS_ROOT}/Manifest.lock\" > /dev/null\nif [ $? != 0 ] ; then\n    # print error to STDERR\n    echo \"error: The sandbox is not in sync with the Podfile.lock. Run 'pod install' or update your CocoaPods installation.\" >&2\n    exit 1\nfi\n# This output is used by Xcode 'outputs' to avoid re-running this script phase.\necho \"SUCCESS\" > \"${SCRIPT_OUTPUT_FILE_0}\"\n";
			showEnvVarsInLog = 0;
		};
		CBF5A1EF48BE8A7224F6FB45 /* [CP] Embed Pods Frameworks */ = {
			isa = PBXShellScriptBuildPhase;
			buildActionMask = 2147483647;
			files = (
			);
			inputFileListPaths = (
			);
			inputPaths = (
				"${PODS_ROOT}/Target Support Files/Pods-MexicanMath/Pods-MexicanMath-frameworks.sh",
				"${BUILT_PRODUCTS_DIR}/paper-onboarding/paper_onboarding.framework",
			);
			name = "[CP] Embed Pods Frameworks";
			outputFileListPaths = (
			);
			outputPaths = (
				"${TARGET_BUILD_DIR}/${FRAMEWORKS_FOLDER_PATH}/paper_onboarding.framework",
			);
			runOnlyForDeploymentPostprocessing = 0;
			shellPath = /bin/sh;
			shellScript = "\"${PODS_ROOT}/Target Support Files/Pods-MexicanMath/Pods-MexicanMath-frameworks.sh\"\n";
			showEnvVarsInLog = 0;
		};
/* End PBXShellScriptBuildPhase section */

/* Begin PBXSourcesBuildPhase section */
		6D74022A2239BBFA00930ADA /* Sources */ = {
			isa = PBXSourcesBuildPhase;
			buildActionMask = 2147483647;
			files = (
				8A5B91D922DCACCE00DAC785 /* AppDelegate.swift in Sources */,
				8A5B91DA22DCACCE00DAC785 /* SoloViewController.swift in Sources */,
				8A4BDD0D22DF7EBA0037A7C9 /* UIButton + Custom.swift in Sources */,
				8A4BDD0E22DF7EBA0037A7C9 /* UIColor + Custom.swift in Sources */,
				8A9A1E9422DD080400D87E53 /* InfinitoViewController.swift in Sources */,
				8A5B91DB22DCACCE00DAC785 /* TiempoViewController.swift in Sources */,
				8A4BDD0422DF7E6F0037A7C9 /* WalkthroughViewController.swift in Sources */,
			);
			runOnlyForDeploymentPostprocessing = 0;
		};
/* End PBXSourcesBuildPhase section */

/* Begin PBXVariantGroup section */
		6D7402352239BBFA00930ADA /* Main.storyboard */ = {
			isa = PBXVariantGroup;
			children = (
				6D7402362239BBFA00930ADA /* Base */,
			);
			name = Main.storyboard;
			sourceTree = "<group>";
		};
		6D74023A2239BBFE00930ADA /* LaunchScreen.storyboard */ = {
			isa = PBXVariantGroup;
			children = (
				6D74023B2239BBFE00930ADA /* Base */,
			);
			name = LaunchScreen.storyboard;
			sourceTree = "<group>";
		};
/* End PBXVariantGroup section */

/* Begin XCBuildConfiguration section */
		6D7402542239BBFE00930ADA /* Debug */ = {
			isa = XCBuildConfiguration;
			buildSettings = {
				ALWAYS_SEARCH_USER_PATHS = NO;
				CLANG_ANALYZER_NONNULL = YES;
				CLANG_ANALYZER_NUMBER_OBJECT_CONVERSION = YES_AGGRESSIVE;
				CLANG_CXX_LANGUAGE_STANDARD = "gnu++14";
				CLANG_CXX_LIBRARY = "libc++";
				CLANG_ENABLE_MODULES = YES;
				CLANG_ENABLE_OBJC_ARC = YES;
				CLANG_ENABLE_OBJC_WEAK = YES;
				CLANG_WARN_BLOCK_CAPTURE_AUTORELEASING = YES;
				CLANG_WARN_BOOL_CONVERSION = YES;
				CLANG_WARN_COMMA = YES;
				CLANG_WARN_CONSTANT_CONVERSION = YES;
				CLANG_WARN_DEPRECATED_OBJC_IMPLEMENTATIONS = YES;
				CLANG_WARN_DIRECT_OBJC_ISA_USAGE = YES_ERROR;
				CLANG_WARN_DOCUMENTATION_COMMENTS = YES;
				CLANG_WARN_EMPTY_BODY = YES;
				CLANG_WARN_ENUM_CONVERSION = YES;
				CLANG_WARN_INFINITE_RECURSION = YES;
				CLANG_WARN_INT_CONVERSION = YES;
				CLANG_WARN_NON_LITERAL_NULL_CONVERSION = YES;
				CLANG_WARN_OBJC_IMPLICIT_RETAIN_SELF = YES;
				CLANG_WARN_OBJC_LITERAL_CONVERSION = YES;
				CLANG_WARN_OBJC_ROOT_CLASS = YES_ERROR;
				CLANG_WARN_RANGE_LOOP_ANALYSIS = YES;
				CLANG_WARN_STRICT_PROTOTYPES = YES;
				CLANG_WARN_SUSPICIOUS_MOVE = YES;
				CLANG_WARN_UNGUARDED_AVAILABILITY = YES_AGGRESSIVE;
				CLANG_WARN_UNREACHABLE_CODE = YES;
				CLANG_WARN__DUPLICATE_METHOD_MATCH = YES;
				CODE_SIGN_IDENTITY = "iPhone Developer";
				COPY_PHASE_STRIP = NO;
				DEBUG_INFORMATION_FORMAT = dwarf;
				ENABLE_STRICT_OBJC_MSGSEND = YES;
				ENABLE_TESTABILITY = YES;
				GCC_C_LANGUAGE_STANDARD = gnu11;
				GCC_DYNAMIC_NO_PIC = NO;
				GCC_NO_COMMON_BLOCKS = YES;
				GCC_OPTIMIZATION_LEVEL = 0;
				GCC_PREPROCESSOR_DEFINITIONS = (
					"DEBUG=1",
					"$(inherited)",
				);
				GCC_WARN_64_TO_32_BIT_CONVERSION = YES;
				GCC_WARN_ABOUT_RETURN_TYPE = YES_ERROR;
				GCC_WARN_UNDECLARED_SELECTOR = YES;
				GCC_WARN_UNINITIALIZED_AUTOS = YES_AGGRESSIVE;
				GCC_WARN_UNUSED_FUNCTION = YES;
				GCC_WARN_UNUSED_VARIABLE = YES;
				IPHONEOS_DEPLOYMENT_TARGET = 12.1;
				MTL_ENABLE_DEBUG_INFO = INCLUDE_SOURCE;
				MTL_FAST_MATH = YES;
				ONLY_ACTIVE_ARCH = YES;
				SDKROOT = iphoneos;
				SWIFT_ACTIVE_COMPILATION_CONDITIONS = DEBUG;
				SWIFT_OPTIMIZATION_LEVEL = "-Onone";
			};
			name = Debug;
		};
		6D7402552239BBFE00930ADA /* Release */ = {
			isa = XCBuildConfiguration;
			buildSettings = {
				ALWAYS_SEARCH_USER_PATHS = NO;
				CLANG_ANALYZER_NONNULL = YES;
				CLANG_ANALYZER_NUMBER_OBJECT_CONVERSION = YES_AGGRESSIVE;
				CLANG_CXX_LANGUAGE_STANDARD = "gnu++14";
				CLANG_CXX_LIBRARY = "libc++";
				CLANG_ENABLE_MODULES = YES;
				CLANG_ENABLE_OBJC_ARC = YES;
				CLANG_ENABLE_OBJC_WEAK = YES;
				CLANG_WARN_BLOCK_CAPTURE_AUTORELEASING = YES;
				CLANG_WARN_BOOL_CONVERSION = YES;
				CLANG_WARN_COMMA = YES;
				CLANG_WARN_CONSTANT_CONVERSION = YES;
				CLANG_WARN_DEPRECATED_OBJC_IMPLEMENTATIONS = YES;
				CLANG_WARN_DIRECT_OBJC_ISA_USAGE = YES_ERROR;
				CLANG_WARN_DOCUMENTATION_COMMENTS = YES;
				CLANG_WARN_EMPTY_BODY = YES;
				CLANG_WARN_ENUM_CONVERSION = YES;
				CLANG_WARN_INFINITE_RECURSION = YES;
				CLANG_WARN_INT_CONVERSION = YES;
				CLANG_WARN_NON_LITERAL_NULL_CONVERSION = YES;
				CLANG_WARN_OBJC_IMPLICIT_RETAIN_SELF = YES;
				CLANG_WARN_OBJC_LITERAL_CONVERSION = YES;
				CLANG_WARN_OBJC_ROOT_CLASS = YES_ERROR;
				CLANG_WARN_RANGE_LOOP_ANALYSIS = YES;
				CLANG_WARN_STRICT_PROTOTYPES = YES;
				CLANG_WARN_SUSPICIOUS_MOVE = YES;
				CLANG_WARN_UNGUARDED_AVAILABILITY = YES_AGGRESSIVE;
				CLANG_WARN_UNREACHABLE_CODE = YES;
				CLANG_WARN__DUPLICATE_METHOD_MATCH = YES;
				CODE_SIGN_IDENTITY = "iPhone Developer";
				COPY_PHASE_STRIP = NO;
				DEBUG_INFORMATION_FORMAT = "dwarf-with-dsym";
				ENABLE_NS_ASSERTIONS = NO;
				ENABLE_STRICT_OBJC_MSGSEND = YES;
				GCC_C_LANGUAGE_STANDARD = gnu11;
				GCC_NO_COMMON_BLOCKS = YES;
				GCC_WARN_64_TO_32_BIT_CONVERSION = YES;
				GCC_WARN_ABOUT_RETURN_TYPE = YES_ERROR;
				GCC_WARN_UNDECLARED_SELECTOR = YES;
				GCC_WARN_UNINITIALIZED_AUTOS = YES_AGGRESSIVE;
				GCC_WARN_UNUSED_FUNCTION = YES;
				GCC_WARN_UNUSED_VARIABLE = YES;
				IPHONEOS_DEPLOYMENT_TARGET = 12.1;
				MTL_ENABLE_DEBUG_INFO = NO;
				MTL_FAST_MATH = YES;
				SDKROOT = iphoneos;
				SWIFT_COMPILATION_MODE = wholemodule;
				SWIFT_OPTIMIZATION_LEVEL = "-O";
				VALIDATE_PRODUCT = YES;
			};
			name = Release;
		};
		6D7402572239BBFE00930ADA /* Debug */ = {
			isa = XCBuildConfiguration;
			baseConfigurationReference = BF73CD306FD7A867E877980C /* Pods-MexicanMath.debug.xcconfig */;
			buildSettings = {
				ASSETCATALOG_COMPILER_APPICON_NAME = AppIcon;
				CLANG_ENABLE_MODULES = YES;
				CODE_SIGN_STYLE = Automatic;
				DEVELOPMENT_TEAM = 966D594Y8Q;
				INFOPLIST_FILE = MexicanMath/Info.plist;
				IPHONEOS_DEPLOYMENT_TARGET = 11.0;
				LD_RUNPATH_SEARCH_PATHS = (
					"$(inherited)",
					"@executable_path/Frameworks",
				);
				PRODUCT_BUNDLE_IDENTIFIER = com.alexpetrushin.MexicaMath;
				PRODUCT_NAME = "$(TARGET_NAME)";
				SWIFT_OPTIMIZATION_LEVEL = "-Onone";
				SWIFT_VERSION = 5.0;
				TARGETED_DEVICE_FAMILY = 1;
			};
			name = Debug;
		};
		6D7402582239BBFE00930ADA /* Release */ = {
			isa = XCBuildConfiguration;
			baseConfigurationReference = 278C3182BE67F37A5010BA52 /* Pods-MexicanMath.release.xcconfig */;
			buildSettings = {
				ASSETCATALOG_COMPILER_APPICON_NAME = AppIcon;
				CLANG_ENABLE_MODULES = YES;
				CODE_SIGN_STYLE = Automatic;
				DEVELOPMENT_TEAM = 966D594Y8Q;
				INFOPLIST_FILE = MexicanMath/Info.plist;
				IPHONEOS_DEPLOYMENT_TARGET = 11.0;
				LD_RUNPATH_SEARCH_PATHS = (
					"$(inherited)",
					"@executable_path/Frameworks",
				);
				PRODUCT_BUNDLE_IDENTIFIER = com.alexpetrushin.MexicaMath;
				PRODUCT_NAME = "$(TARGET_NAME)";
				SWIFT_VERSION = 5.0;
				TARGETED_DEVICE_FAMILY = 1;
			};
			name = Release;
		};
/* End XCBuildConfiguration section */

/* Begin XCConfigurationList section */
		6D7402292239BBFA00930ADA /* Build configuration list for PBXProject "MexicanMath" */ = {
			isa = XCConfigurationList;
			buildConfigurations = (
				6D7402542239BBFE00930ADA /* Debug */,
				6D7402552239BBFE00930ADA /* Release */,
			);
			defaultConfigurationIsVisible = 0;
			defaultConfigurationName = Release;
		};
		6D7402562239BBFE00930ADA /* Build configuration list for PBXNativeTarget "MexicanMath" */ = {
			isa = XCConfigurationList;
			buildConfigurations = (
				6D7402572239BBFE00930ADA /* Debug */,
				6D7402582239BBFE00930ADA /* Release */,
			);
			defaultConfigurationIsVisible = 0;
			defaultConfigurationName = Release;
		};
/* End XCConfigurationList section */
	};
	rootObject = 6D7402262239BBFA00930ADA /* Project object */;
}
